
Microsoft Visual Studio Solution File, Format Version 12.00
# Visual Studio 15
VisualStudioVersion = 15.0.28010.2048
MinimumVisualStudioVersion = 10.0.40219.1
Project("{9A19103F-16F7-4668-BE54-9A1E7A4F7556}") = "CB.Blazor.Interface", "CB.Blazor.Interface\CB.Blazor.Interface.csproj", "{F4135B18-B53D-43F4-A1CC-CE7AFD691AA7}"
EndProject
Project("{9A19103F-16F7-4668-BE54-9A1E7A4F7556}") = "CB.Blazor.Infrastructure", "CB.Blazor.Infrastructure\CB.Blazor.Infrastructure.csproj", "{CEF1CBE1-B267-4B7F-B079-08B7B16855BC}"
EndProject
Project("{FAE04EC0-301F-11D3-BF4B-00C04F79EFBC}") = "CB.Blazor.Server", "CB.Blazor.Server\CB.Blazor.Server.csproj", "{FDA9B457-87E8-4916-A8A4-6EF6D2A064C1}"
EndProject
Project("{FAE04EC0-301F-11D3-BF4B-00C04F79EFBC}") = "CB.Blazor.App", "CB.Blazor.App\CB.Blazor.App.csproj", "{C38CF31C-41C3-470C-9F48-554B744A4528}"
EndProject
Project("{9A19103F-16F7-4668-BE54-9A1E7A4F7556}") = "CB.Blazor", "CB.Blazor\CB.Blazor.csproj", "{7B409062-9B21-4BFB-B612-99F22F9ED3CA}"
EndProject
Global
	GlobalSection(SolutionConfigurationPlatforms) = preSolution
		Debug|Any CPU = Debug|Any CPU
		Release|Any CPU = Release|Any CPU
	EndGlobalSection
	GlobalSection(ProjectConfigurationPlatforms) = postSolution
		{F4135B18-B53D-43F4-A1CC-CE7AFD691AA7}.Debug|Any CPU.ActiveCfg = Debug|Any CPU
		{F4135B18-B53D-43F4-A1CC-CE7AFD691AA7}.Debug|Any CPU.Build.0 = Debug|Any CPU
		{F4135B18-B53D-43F4-A1CC-CE7AFD691AA7}.Release|Any CPU.ActiveCfg = Release|Any CPU
		{F4135B18-B53D-43F4-A1CC-CE7AFD691AA7}.Release|Any CPU.Build.0 = Release|Any CPU
		{CEF1CBE1-B267-4B7F-B079-08B7B16855BC}.Debug|Any CPU.ActiveCfg = Debug|Any CPU
		{CEF1CBE1-B267-4B7F-B079-08B7B16855BC}.Debug|Any CPU.Build.0 = Debug|Any CPU
		{CEF1CBE1-B267-4B7F-B079-08B7B16855BC}.Release|Any CPU.ActiveCfg = Release|Any CPU
		{CEF1CBE1-B267-4B7F-B079-08B7B16855BC}.Release|Any CPU.Build.0 = Release|Any CPU
		{FDA9B457-87E8-4916-A8A4-6EF6D2A064C1}.Debug|Any CPU.ActiveCfg = Debug|Any CPU
		{FDA9B457-87E8-4916-A8A4-6EF6D2A064C1}.Debug|Any CPU.Build.0 = Debug|Any CPU
		{FDA9B457-87E8-4916-A8A4-6EF6D2A064C1}.Release|Any CPU.ActiveCfg = Release|Any CPU
		{FDA9B457-87E8-4916-A8A4-6EF6D2A064C1}.Release|Any CPU.Build.0 = Release|Any CPU
		{C38CF31C-41C3-470C-9F48-554B744A4528}.Debug|Any CPU.ActiveCfg = Debug|Any CPU
		{C38CF31C-41C3-470C-9F48-554B744A4528}.Debug|Any CPU.Build.0 = Debug|Any CPU
		{C38CF31C-41C3-470C-9F48-554B744A4528}.Release|Any CPU.ActiveCfg = Release|Any CPU
		{C38CF31C-41C3-470C-9F48-554B744A4528}.Release|Any CPU.Build.0 = Release|Any CPU
		{7B409062-9B21-4BFB-B612-99F22F9ED3CA}.Debug|Any CPU.ActiveCfg = Debug|Any CPU
		{7B409062-9B21-4BFB-B612-99F22F9ED3CA}.Debug|Any CPU.Build.0 = Debug|Any CPU
		{7B409062-9B21-4BFB-B612-99F22F9ED3CA}.Release|Any CPU.ActiveCfg = Release|Any CPU
		{7B409062-9B21-4BFB-B612-99F22F9ED3CA}.Release|Any CPU.Build.0 = Release|Any CPU
	EndGlobalSection
	GlobalSection(SolutionProperties) = preSolution
		HideSolutionNode = FALSE
	EndGlobalSection
	GlobalSection(ExtensibilityGlobals) = postSolution
		SolutionGuid = {38C91583-C470-4622-B48D-D7EBF657EA3B}
	EndGlobalSection
EndGlobal
